
Microsoft Visual Studio Solution File, Format Version 12.00
# Visual Studio Version 16
VisualStudioVersion = 16.0.31205.134
MinimumVisualStudioVersion = 10.0.40219.1
Project("{FAE04EC0-301F-11D3-BF4B-00C04F79EFBC}") = "MVVMSample007", "MVVMSample007\MVVMSample007.csproj", "{866390E1-D013-41F5-BE1E-B9273B0F3C1F}"
EndProject
Global
	GlobalSection(SolutionConfigurationPlatforms) = preSolution
		Debug|Any CPU = Debug|Any CPU
		Release|Any CPU = Release|Any CPU
	EndGlobalSection
	GlobalSection(ProjectConfigurationPlatforms) = postSolution
		{866390E1-D013-41F5-BE1E-B9273B0F3C1F}.Debug|Any CPU.ActiveCfg = Debug|Any CPU
		{866390E1-D013-41F5-BE1E-B9273B0F3C1F}.Debug|Any CPU.Build.0 = Debug|Any CPU
		{866390E1-D013-41F5-BE1E-B9273B0F3C1F}.Release|Any CPU.ActiveCfg = Release|Any CPU
		{866390E1-D013-41F5-BE1E-B9273B0F3C1F}.Release|Any CPU.Build.0 = Release|Any CPU
	EndGlobalSection
	GlobalSection(SolutionProperties) = preSolution
		HideSolutionNode = FALSE
	EndGlobalSection
	GlobalSection(ExtensibilityGlobals) = postSolution
		SolutionGuid = {ADFDEA21-D24B-479E-A160-1D26D35A20BB}
	EndGlobalSection
EndGlobal
